
Microsoft Visual Studio Solution File, Format Version 12.00
# Visual Studio Version 17
VisualStudioVersion = 17.3.32901.215
MinimumVisualStudioVersion = 10.0.40219.1
Project("{FAE04EC0-301F-11D3-BF4B-00C04F79EFBC}") = "Black Jack", "Black Jack.csproj", "{BDE191F2-C525-4734-B054-3EAD0540A5E1}"
EndProject
Global
	GlobalSection(SolutionConfigurationPlatforms) = preSolution
		Debug|Any CPU = Debug|Any CPU
		Release|Any CPU = Release|Any CPU
	EndGlobalSection
	GlobalSection(ProjectConfigurationPlatforms) = postSolution
		{BDE191F2-C525-4734-B054-3EAD0540A5E1}.Debug|Any CPU.ActiveCfg = Debug|Any CPU
		{BDE191F2-C525-4734-B054-3EAD0540A5E1}.Debug|Any CPU.Build.0 = Debug|Any CPU
		{BDE191F2-C525-4734-B054-3EAD0540A5E1}.Release|Any CPU.ActiveCfg = Release|Any CPU
		{BDE191F2-C525-4734-B054-3EAD0540A5E1}.Release|Any CPU.Build.0 = Release|Any CPU
	EndGlobalSection
	GlobalSection(SolutionProperties) = preSolution
		HideSolutionNode = FALSE
	EndGlobalSection
	GlobalSection(ExtensibilityGlobals) = postSolution
		SolutionGuid = {AF3C4A77-AF18-43BD-8AED-B5B534E7C5B3}
	EndGlobalSection
EndGlobal
